
Microsoft Visual Studio Solution File, Format Version 12.00
# Visual Studio Version 16
VisualStudioVersion = 16.0.30517.126
MinimumVisualStudioVersion = 10.0.40219.1
Project("{FAE04EC0-301F-11D3-BF4B-00C04F79EFBC}") = "testConsole", "testConsole\testConsole.csproj", "{44E977BA-94D9-46FF-8FD9-856C5E77EE90}"
EndProject
Global
	GlobalSection(SolutionConfigurationPlatforms) = preSolution
		Debug|Any CPU = Debug|Any CPU
		Release|Any CPU = Release|Any CPU
	EndGlobalSection
	GlobalSection(ProjectConfigurationPlatforms) = postSolution
		{44E977BA-94D9-46FF-8FD9-856C5E77EE90}.Debug|Any CPU.ActiveCfg = Debug|Any CPU
		{44E977BA-94D9-46FF-8FD9-856C5E77EE90}.Debug|Any CPU.Build.0 = Debug|Any CPU
		{44E977BA-94D9-46FF-8FD9-856C5E77EE90}.Release|Any CPU.ActiveCfg = Release|Any CPU
		{44E977BA-94D9-46FF-8FD9-856C5E77EE90}.Release|Any CPU.Build.0 = Release|Any CPU
	EndGlobalSection
	GlobalSection(SolutionProperties) = preSolution
		HideSolutionNode = FALSE
	EndGlobalSection
	GlobalSection(ExtensibilityGlobals) = postSolution
		SolutionGuid = {C98554D3-8B9B-4381-B2F2-85096C112714}
	EndGlobalSection
EndGlobal
